
Microsoft Visual Studio Solution File, Format Version 12.00
# Visual Studio Version 17
VisualStudioVersion = 17.3.32825.248
MinimumVisualStudioVersion = 10.0.40219.1
Project("{8BC9CEB8-8B4A-11D0-8D11-00A0C91BC942}") = "14-hanoi", "14-hanoi.vcxproj", "{461BE1CB-FD3A-4EE2-B995-95DD7FEEB0E2}"
EndProject
Global
	GlobalSection(SolutionConfigurationPlatforms) = preSolution
		Debug|x64 = Debug|x64
		Debug|x86 = Debug|x86
		Release|x64 = Release|x64
		Release|x86 = Release|x86
	EndGlobalSection
	GlobalSection(ProjectConfigurationPlatforms) = postSolution
		{461BE1CB-FD3A-4EE2-B995-95DD7FEEB0E2}.Debug|x64.ActiveCfg = Debug|x64
		{461BE1CB-FD3A-4EE2-B995-95DD7FEEB0E2}.Debug|x64.Build.0 = Debug|x64
		{461BE1CB-FD3A-4EE2-B995-95DD7FEEB0E2}.Debug|x86.ActiveCfg = Debug|Win32
		{461BE1CB-FD3A-4EE2-B995-95DD7FEEB0E2}.Debug|x86.Build.0 = Debug|Win32
		{461BE1CB-FD3A-4EE2-B995-95DD7FEEB0E2}.Release|x64.ActiveCfg = Release|x64
		{461BE1CB-FD3A-4EE2-B995-95DD7FEEB0E2}.Release|x64.Build.0 = Release|x64
		{461BE1CB-FD3A-4EE2-B995-95DD7FEEB0E2}.Release|x86.ActiveCfg = Release|Win32
		{461BE1CB-FD3A-4EE2-B995-95DD7FEEB0E2}.Release|x86.Build.0 = Release|Win32
	EndGlobalSection
	GlobalSection(SolutionProperties) = preSolution
		HideSolutionNode = FALSE
	EndGlobalSection
	GlobalSection(ExtensibilityGlobals) = postSolution
		SolutionGuid = {0694A065-DD42-4BDA-98ED-2FA7A0BD5570}
	EndGlobalSection
EndGlobal
