
Microsoft Visual Studio Solution File, Format Version 12.00
# Visual Studio Version 17
VisualStudioVersion = 17.3.32825.248
MinimumVisualStudioVersion = 10.0.40219.1
Project("{8BC9CEB8-8B4A-11D0-8D11-00A0C91BC942}") = "23-sudoku", "23-sudoku.vcxproj", "{DF879D1D-6F36-4D0D-BCB9-DD296487F93F}"
EndProject
Global
	GlobalSection(SolutionConfigurationPlatforms) = preSolution
		Debug|x64 = Debug|x64
		Debug|x86 = Debug|x86
		Release|x64 = Release|x64
		Release|x86 = Release|x86
	EndGlobalSection
	GlobalSection(ProjectConfigurationPlatforms) = postSolution
		{DF879D1D-6F36-4D0D-BCB9-DD296487F93F}.Debug|x64.ActiveCfg = Debug|x64
		{DF879D1D-6F36-4D0D-BCB9-DD296487F93F}.Debug|x64.Build.0 = Debug|x64
		{DF879D1D-6F36-4D0D-BCB9-DD296487F93F}.Debug|x86.ActiveCfg = Debug|Win32
		{DF879D1D-6F36-4D0D-BCB9-DD296487F93F}.Debug|x86.Build.0 = Debug|Win32
		{DF879D1D-6F36-4D0D-BCB9-DD296487F93F}.Release|x64.ActiveCfg = Release|x64
		{DF879D1D-6F36-4D0D-BCB9-DD296487F93F}.Release|x64.Build.0 = Release|x64
		{DF879D1D-6F36-4D0D-BCB9-DD296487F93F}.Release|x86.ActiveCfg = Release|Win32
		{DF879D1D-6F36-4D0D-BCB9-DD296487F93F}.Release|x86.Build.0 = Release|Win32
	EndGlobalSection
	GlobalSection(SolutionProperties) = preSolution
		HideSolutionNode = FALSE
	EndGlobalSection
	GlobalSection(ExtensibilityGlobals) = postSolution
		SolutionGuid = {CDA5FC68-DBDA-4BCD-A882-8D95CD6B4685}
	EndGlobalSection
EndGlobal
